
Microsoft Visual Studio Solution File, Format Version 12.00
# Visual Studio Version 17
VisualStudioVersion = 17.1.32328.378
MinimumVisualStudioVersion = 10.0.40219.1
Project("{FAE04EC0-301F-11D3-BF4B-00C04F79EFBC}") = "SimMod-8.1", "SimMod-8.1\SimMod-8.1.csproj", "{31694828-88F4-4DAF-B4C5-E378D1ADF970}"
EndProject
Global
	GlobalSection(SolutionConfigurationPlatforms) = preSolution
		Debug|Any CPU = Debug|Any CPU
		Release|Any CPU = Release|Any CPU
	EndGlobalSection
	GlobalSection(ProjectConfigurationPlatforms) = postSolution
		{31694828-88F4-4DAF-B4C5-E378D1ADF970}.Debug|Any CPU.ActiveCfg = Debug|Any CPU
		{31694828-88F4-4DAF-B4C5-E378D1ADF970}.Debug|Any CPU.Build.0 = Debug|Any CPU
		{31694828-88F4-4DAF-B4C5-E378D1ADF970}.Release|Any CPU.ActiveCfg = Release|Any CPU
		{31694828-88F4-4DAF-B4C5-E378D1ADF970}.Release|Any CPU.Build.0 = Release|Any CPU
	EndGlobalSection
	GlobalSection(SolutionProperties) = preSolution
		HideSolutionNode = FALSE
	EndGlobalSection
	GlobalSection(ExtensibilityGlobals) = postSolution
		SolutionGuid = {52DB0FEE-965C-4B54-9ED9-2421E5F3F950}
	EndGlobalSection
EndGlobal
